{
  "name": "validatejavascript.com-frontend",
  "version": "0.0.0",
  "lockfileVersion": 1,
  "requires": true,
  "dependencies": {
    "babel-polyfill": {
      "version": "6.23.0",
      "resolved": "https://registry.npmjs.org/babel-polyfill/-/babel-polyfill-6.23.0.tgz",
      "integrity": "sha1-g2TKYt+Or7gwSZ9pkXdGbDsDSZ0=",
      "requires": {
        "babel-runtime": "6.23.0",
        "core-js": "2.4.1",
        "regenerator-runtime": "0.10.5"
      }
    },
    "babel-runtime": {
      "version": "6.23.0",
      "resolved": "https://registry.npmjs.org/babel-runtime/-/babel-runtime-6.23.0.tgz",
      "integrity": "sha1-CpSJ8UTecO+zzkMArM2zKeL8VDs=",
      "requires": {
        "core-js": "2.4.1",
        "regenerator-runtime": "0.10.5"
      }
    },
    "codemirror": {
      "version": "5.27.4",
      "resolved": "https://registry.npmjs.org/codemirror/-/codemirror-5.27.4.tgz",
      "integrity": "sha512-oOpSTMT3gj27u8NSkkrciuIpCqID3dvb8UGpS7eEm/F1x1DVinp6+ROLR+B8hXdxqVFpCl2NrR2BQe7zd3uH7g=="
    },
    "core-js": {
      "version": "2.4.1",
      "resolved": "https://registry.npmjs.org/core-js/-/core-js-2.4.1.tgz",
      "integrity": "sha1-TekR5mew6ukSTjQlS1OupvxhjT4="
    },
    "matreshka": {
      "version": "2.4.0",
      "resolved": "https://registry.npmjs.org/matreshka/-/matreshka-2.4.0.tgz",
      "integrity": "sha1-vve25qaGkuZOdExtdeCE/V/Yw7E="
    },
    "matreshka-binder-codemirror": {
      "version": "0.0.5",
      "resolved": "https://registry.npmjs.org/matreshka-binder-codemirror/-/matreshka-binder-codemirror-0.0.5.tgz",
      "integrity": "sha1-YNpUJGBL51fMeRXoIERA6h637/s="
    },
    "regenerator-runtime": {
      "version": "0.10.5",
      "resolved": "https://registry.npmjs.org/regenerator-runtime/-/regenerator-runtime-0.10.5.tgz",
      "integrity": "sha1-M2w+/BIgrc7dosn6tntaeVWjNlg="
    }
  }
}
